// !$*UTF8*$!
{
	archiveVersion = 1;
	classes = {
	};
	objectVersion = 56;
	objects = {

/* Begin PBXBuildFile section */
		2BEC7695B8497A9C9B1091C7 /* Pods_SportsApp.framework in Frameworks */ = {isa = PBXBuildFile; fileRef = 9E9474EC1E112B1D8F3BD7A1 /* Pods_SportsApp.framework */; };
		C663FBA92C6B475E00FB1372 /* EventModel.swift in Sources */ = {isa = PBXBuildFile; fileRef = C663FBA82C6B475E00FB1372 /* EventModel.swift */; };
		C663FBAB2C6B47FD00FB1372 /* API.swift in Sources */ = {isa = PBXBuildFile; fileRef = C663FBAA2C6B47FD00FB1372 /* API.swift */; };
		C663FBAD2C6B514A00FB1372 /* TeamModelFromEvents.swift in Sources */ = {isa = PBXBuildFile; fileRef = C663FBAC2C6B514A00FB1372 /* TeamModelFromEvents.swift */; };
		C686BC312C6A6489005FCD5B /* AppDelegate.swift in Sources */ = {isa = PBXBuildFile; fileRef = C686BC302C6A6489005FCD5B /* AppDelegate.swift */; };
		C686BC332C6A6489005FCD5B /* SceneDelegate.swift in Sources */ = {isa = PBXBuildFile; fileRef = C686BC322C6A6489005FCD5B /* SceneDelegate.swift */; };
		C686BC382C6A6489005FCD5B /* Base in Resources */ = {isa = PBXBuildFile; fileRef = C686BC372C6A6489005FCD5B /* Base */; };
		C686BC3B2C6A6489005FCD5B /* SportsApp.xcdatamodeld in Sources */ = {isa = PBXBuildFile; fileRef = C686BC392C6A6489005FCD5B /* SportsApp.xcdatamodeld */; };
		C686BC3D2C6A648B005FCD5B /* Assets.xcassets in Resources */ = {isa = PBXBuildFile; fileRef = C686BC3C2C6A648B005FCD5B /* Assets.xcassets */; };
		C686BC402C6A648B005FCD5B /* Base in Resources */ = {isa = PBXBuildFile; fileRef = C686BC3F2C6A648B005FCD5B /* Base */; };
		C686BC562C6A64D1005FCD5B /* CoreDataService.swift in Sources */ = {isa = PBXBuildFile; fileRef = C686BC492C6A64D1005FCD5B /* CoreDataService.swift */; };
		C686BC572C6A64D1005FCD5B /* NWService.swift in Sources */ = {isa = PBXBuildFile; fileRef = C686BC4B2C6A64D1005FCD5B /* NWService.swift */; };
		C686BC582C6A64D1005FCD5B /* LeagueModel.swift in Sources */ = {isa = PBXBuildFile; fileRef = C686BC4E2C6A64D1005FCD5B /* LeagueModel.swift */; };
		C686BC592C6A64D1005FCD5B /* AllSportsVC.swift in Sources */ = {isa = PBXBuildFile; fileRef = C686BC502C6A64D1005FCD5B /* AllSportsVC.swift */; };
		C686BC5A2C6A64D1005FCD5B /* AllSportsViewModel.swift in Sources */ = {isa = PBXBuildFile; fileRef = C686BC522C6A64D1005FCD5B /* AllSportsViewModel.swift */; };
		C686BC5F2C6A6B75005FCD5B /* SportCell.swift in Sources */ = {isa = PBXBuildFile; fileRef = C686BC5C2C6A6B75005FCD5B /* SportCell.swift */; };
		C686BC602C6A6B75005FCD5B /* SportCell.xib in Resources */ = {isa = PBXBuildFile; fileRef = C686BC5D2C6A6B75005FCD5B /* SportCell.xib */; };
		C686BC652C6A7DD8005FCD5B /* EventCell.swift in Sources */ = {isa = PBXBuildFile; fileRef = C686BC622C6A7DD8005FCD5B /* EventCell.swift */; };
		C686BC662C6A7DD8005FCD5B /* EventCell.xib in Resources */ = {isa = PBXBuildFile; fileRef = C686BC632C6A7DD8005FCD5B /* EventCell.xib */; };
		C686BC6A2C6A7DF8005FCD5B /* LeagueDetailsViewModel.swift in Sources */ = {isa = PBXBuildFile; fileRef = C686BC692C6A7DF8005FCD5B /* LeagueDetailsViewModel.swift */; };
		C686BC6C2C6A7E6B005FCD5B /* LeagueDetailsVC.swift in Sources */ = {isa = PBXBuildFile; fileRef = C686BC6B2C6A7E6B005FCD5B /* LeagueDetailsVC.swift */; };
		C6A4B5DC2C6F8C2A0058829B /* TeamModel.swift in Sources */ = {isa = PBXBuildFile; fileRef = C6A4B5DB2C6F8C2A0058829B /* TeamModel.swift */; };
		C6D2E4A42C6AC018006A4698 /* TeamCell.swift in Sources */ = {isa = PBXBuildFile; fileRef = C6D2E4A12C6AC018006A4698 /* TeamCell.swift */; };
		C6D2E4A52C6AC018006A4698 /* TeamCell.xib in Resources */ = {isa = PBXBuildFile; fileRef = C6D2E4A22C6AC018006A4698 /* TeamCell.xib */; };
		C6D2E4A72C6AC31A006A4698 /* SectionHeader.swift in Sources */ = {isa = PBXBuildFile; fileRef = C6D2E4A62C6AC31A006A4698 /* SectionHeader.swift */; };
		E2B4C2272C6A760600F4ECC4 /* AllLeaguesTVC.swift in Sources */ = {isa = PBXBuildFile; fileRef = E2B4C2262C6A760600F4ECC4 /* AllLeaguesTVC.swift */; };
		E2B4C2292C6A763B00F4ECC4 /* AllLeaguesViewModel.swift in Sources */ = {isa = PBXBuildFile; fileRef = E2B4C2282C6A763B00F4ECC4 /* AllLeaguesViewModel.swift */; };
		E2B4C2312C6A771600F4ECC4 /* LeagueCell.xib in Resources */ = {isa = PBXBuildFile; fileRef = E2B4C22F2C6A771500F4ECC4 /* LeagueCell.xib */; };
		E2B4C2322C6A771600F4ECC4 /* LeagueCell.swift in Sources */ = {isa = PBXBuildFile; fileRef = E2B4C2302C6A771500F4ECC4 /* LeagueCell.swift */; };
/* End PBXBuildFile section */

/* Begin PBXFileReference section */
		517D82B83B93BA60FFD45973 /* Pods-SportsApp.debug.xcconfig */ = {isa = PBXFileReference; includeInIndex = 1; lastKnownFileType = text.xcconfig; name = "Pods-SportsApp.debug.xcconfig"; path = "Target Support Files/Pods-SportsApp/Pods-SportsApp.debug.xcconfig"; sourceTree = "<group>"; };
		966A3647C64E81F4DA78C469 /* Pods-SportsApp.release.xcconfig */ = {isa = PBXFileReference; includeInIndex = 1; lastKnownFileType = text.xcconfig; name = "Pods-SportsApp.release.xcconfig"; path = "Target Support Files/Pods-SportsApp/Pods-SportsApp.release.xcconfig"; sourceTree = "<group>"; };
		9E9474EC1E112B1D8F3BD7A1 /* Pods_SportsApp.framework */ = {isa = PBXFileReference; explicitFileType = wrapper.framework; includeInIndex = 0; path = Pods_SportsApp.framework; sourceTree = BUILT_PRODUCTS_DIR; };
		C663FBA82C6B475E00FB1372 /* EventModel.swift */ = {isa = PBXFileReference; lastKnownFileType = sourcecode.swift; path = EventModel.swift; sourceTree = "<group>"; };
		C663FBAA2C6B47FD00FB1372 /* API.swift */ = {isa = PBXFileReference; lastKnownFileType = sourcecode.swift; path = API.swift; sourceTree = "<group>"; };
		C663FBAC2C6B514A00FB1372 /* TeamModelFromEvents.swift */ = {isa = PBXFileReference; lastKnownFileType = sourcecode.swift; path = TeamModelFromEvents.swift; sourceTree = "<group>"; };
		C686BC2D2C6A6489005FCD5B /* SportsApp.app */ = {isa = PBXFileReference; explicitFileType = wrapper.application; includeInIndex = 0; path = SportsApp.app; sourceTree = BUILT_PRODUCTS_DIR; };
		C686BC302C6A6489005FCD5B /* AppDelegate.swift */ = {isa = PBXFileReference; lastKnownFileType = sourcecode.swift; path = AppDelegate.swift; sourceTree = "<group>"; };
		C686BC322C6A6489005FCD5B /* SceneDelegate.swift */ = {isa = PBXFileReference; lastKnownFileType = sourcecode.swift; path = SceneDelegate.swift; sourceTree = "<group>"; };
		C686BC372C6A6489005FCD5B /* Base */ = {isa = PBXFileReference; lastKnownFileType = file.storyboard; name = Base; path = Base.lproj/Main.storyboard; sourceTree = "<group>"; };
		C686BC3A2C6A6489005FCD5B /* SportsApp.xcdatamodel */ = {isa = PBXFileReference; lastKnownFileType = wrapper.xcdatamodel; path = SportsApp.xcdatamodel; sourceTree = "<group>"; };
		C686BC3C2C6A648B005FCD5B /* Assets.xcassets */ = {isa = PBXFileReference; lastKnownFileType = folder.assetcatalog; path = Assets.xcassets; sourceTree = "<group>"; };
		C686BC3F2C6A648B005FCD5B /* Base */ = {isa = PBXFileReference; lastKnownFileType = file.storyboard; name = Base; path = Base.lproj/LaunchScreen.storyboard; sourceTree = "<group>"; };
		C686BC412C6A648B005FCD5B /* Info.plist */ = {isa = PBXFileReference; lastKnownFileType = text.plist.xml; path = Info.plist; sourceTree = "<group>"; };
		C686BC492C6A64D1005FCD5B /* CoreDataService.swift */ = {isa = PBXFileReference; fileEncoding = 4; lastKnownFileType = sourcecode.swift; path = CoreDataService.swift; sourceTree = "<group>"; };
		C686BC4B2C6A64D1005FCD5B /* NWService.swift */ = {isa = PBXFileReference; fileEncoding = 4; lastKnownFileType = sourcecode.swift; path = NWService.swift; sourceTree = "<group>"; };
		C686BC4E2C6A64D1005FCD5B /* LeagueModel.swift */ = {isa = PBXFileReference; fileEncoding = 4; lastKnownFileType = sourcecode.swift; path = LeagueModel.swift; sourceTree = "<group>"; };
		C686BC502C6A64D1005FCD5B /* AllSportsVC.swift */ = {isa = PBXFileReference; fileEncoding = 4; lastKnownFileType = sourcecode.swift; path = AllSportsVC.swift; sourceTree = "<group>"; };
		C686BC522C6A64D1005FCD5B /* AllSportsViewModel.swift */ = {isa = PBXFileReference; fileEncoding = 4; lastKnownFileType = sourcecode.swift; path = AllSportsViewModel.swift; sourceTree = "<group>"; };
		C686BC5C2C6A6B75005FCD5B /* SportCell.swift */ = {isa = PBXFileReference; fileEncoding = 4; lastKnownFileType = sourcecode.swift; path = SportCell.swift; sourceTree = "<group>"; };
		C686BC5D2C6A6B75005FCD5B /* SportCell.xib */ = {isa = PBXFileReference; fileEncoding = 4; lastKnownFileType = file.xib; path = SportCell.xib; sourceTree = "<group>"; };
		C686BC622C6A7DD8005FCD5B /* EventCell.swift */ = {isa = PBXFileReference; fileEncoding = 4; lastKnownFileType = sourcecode.swift; path = EventCell.swift; sourceTree = "<group>"; };
		C686BC632C6A7DD8005FCD5B /* EventCell.xib */ = {isa = PBXFileReference; fileEncoding = 4; lastKnownFileType = file.xib; path = EventCell.xib; sourceTree = "<group>"; };
		C686BC692C6A7DF8005FCD5B /* LeagueDetailsViewModel.swift */ = {isa = PBXFileReference; lastKnownFileType = sourcecode.swift; path = LeagueDetailsViewModel.swift; sourceTree = "<group>"; };
		C686BC6B2C6A7E6B005FCD5B /* LeagueDetailsVC.swift */ = {isa = PBXFileReference; lastKnownFileType = sourcecode.swift; path = LeagueDetailsVC.swift; sourceTree = "<group>"; };
		C6A4B5DB2C6F8C2A0058829B /* TeamModel.swift */ = {isa = PBXFileReference; lastKnownFileType = sourcecode.swift; path = TeamModel.swift; sourceTree = "<group>"; };
		C6D2E4A12C6AC018006A4698 /* TeamCell.swift */ = {isa = PBXFileReference; fileEncoding = 4; lastKnownFileType = sourcecode.swift; path = TeamCell.swift; sourceTree = "<group>"; };
		C6D2E4A22C6AC018006A4698 /* TeamCell.xib */ = {isa = PBXFileReference; fileEncoding = 4; lastKnownFileType = file.xib; path = TeamCell.xib; sourceTree = "<group>"; };
		C6D2E4A62C6AC31A006A4698 /* SectionHeader.swift */ = {isa = PBXFileReference; fileEncoding = 4; lastKnownFileType = sourcecode.swift; path = SectionHeader.swift; sourceTree = "<group>"; };
		E2B4C2262C6A760600F4ECC4 /* AllLeaguesTVC.swift */ = {isa = PBXFileReference; lastKnownFileType = sourcecode.swift; path = AllLeaguesTVC.swift; sourceTree = "<group>"; };
		E2B4C2282C6A763B00F4ECC4 /* AllLeaguesViewModel.swift */ = {isa = PBXFileReference; lastKnownFileType = sourcecode.swift; path = AllLeaguesViewModel.swift; sourceTree = "<group>"; };
		E2B4C22F2C6A771500F4ECC4 /* LeagueCell.xib */ = {isa = PBXFileReference; fileEncoding = 4; lastKnownFileType = file.xib; path = LeagueCell.xib; sourceTree = "<group>"; };
		E2B4C2302C6A771500F4ECC4 /* LeagueCell.swift */ = {isa = PBXFileReference; fileEncoding = 4; lastKnownFileType = sourcecode.swift; path = LeagueCell.swift; sourceTree = "<group>"; };
/* End PBXFileReference section */

/* Begin PBXFrameworksBuildPhase section */
		C686BC2A2C6A6489005FCD5B /* Frameworks */ = {
			isa = PBXFrameworksBuildPhase;
			buildActionMask = 2147483647;
			files = (
				2BEC7695B8497A9C9B1091C7 /* Pods_SportsApp.framework in Frameworks */,
			);
			runOnlyForDeploymentPostprocessing = 0;
		};
/* End PBXFrameworksBuildPhase section */

/* Begin PBXGroup section */
		53199BEA276BD9459B68E7B0 /* Frameworks */ = {
			isa = PBXGroup;
			children = (
				9E9474EC1E112B1D8F3BD7A1 /* Pods_SportsApp.framework */,
			);
			name = Frameworks;
			sourceTree = "<group>";
		};
		C3CC39A81B7E235257D2D82F /* Pods */ = {
			isa = PBXGroup;
			children = (
				517D82B83B93BA60FFD45973 /* Pods-SportsApp.debug.xcconfig */,
				966A3647C64E81F4DA78C469 /* Pods-SportsApp.release.xcconfig */,
			);
			path = Pods;
			sourceTree = "<group>";
		};
		C686BC242C6A6489005FCD5B = {
			isa = PBXGroup;
			children = (
				C686BC2F2C6A6489005FCD5B /* SportsApp */,
				C686BC2E2C6A6489005FCD5B /* Products */,
				C3CC39A81B7E235257D2D82F /* Pods */,
				53199BEA276BD9459B68E7B0 /* Frameworks */,
			);
			sourceTree = "<group>";
		};
		C686BC2E2C6A6489005FCD5B /* Products */ = {
			isa = PBXGroup;
			children = (
				C686BC2D2C6A6489005FCD5B /* SportsApp.app */,
			);
			name = Products;
			sourceTree = "<group>";
		};
		C686BC2F2C6A6489005FCD5B /* SportsApp */ = {
			isa = PBXGroup;
			children = (
				C686BC4D2C6A64D1005FCD5B /* Services */,
				C686BC4F2C6A64D1005FCD5B /* Model */,
				C686BC5B2C6A64D8005FCD5B /* View */,
				C686BC552C6A64D1005FCD5B /* Modules */,
				C686BC412C6A648B005FCD5B /* Info.plist */,
				C686BC392C6A6489005FCD5B /* SportsApp.xcdatamodeld */,
				C686BC482C6A64AD005FCD5B /* Support */,
			);
			path = SportsApp;
			sourceTree = "<group>";
		};
		C686BC482C6A64AD005FCD5B /* Support */ = {
			isa = PBXGroup;
			children = (
				C686BC302C6A6489005FCD5B /* AppDelegate.swift */,
				C686BC322C6A6489005FCD5B /* SceneDelegate.swift */,
				C686BC3C2C6A648B005FCD5B /* Assets.xcassets */,
			);
			path = Support;
			sourceTree = "<group>";
		};
		C686BC4A2C6A64D1005FCD5B /* Local */ = {
			isa = PBXGroup;
			children = (
				C686BC492C6A64D1005FCD5B /* CoreDataService.swift */,
			);
			path = Local;
			sourceTree = "<group>";
		};
		C686BC4C2C6A64D1005FCD5B /* Remote */ = {
			isa = PBXGroup;
			children = (
				C663FBAA2C6B47FD00FB1372 /* API.swift */,
				C686BC4B2C6A64D1005FCD5B /* NWService.swift */,
			);
			path = Remote;
			sourceTree = "<group>";
		};
		C686BC4D2C6A64D1005FCD5B /* Services */ = {
			isa = PBXGroup;
			children = (
				C686BC4A2C6A64D1005FCD5B /* Local */,
				C686BC4C2C6A64D1005FCD5B /* Remote */,
			);
			path = Services;
			sourceTree = "<group>";
		};
		C686BC4F2C6A64D1005FCD5B /* Model */ = {
			isa = PBXGroup;
			children = (
				C686BC4E2C6A64D1005FCD5B /* LeagueModel.swift */,
				C663FBA82C6B475E00FB1372 /* EventModel.swift */,
				C6A4B5DB2C6F8C2A0058829B /* TeamModel.swift */,
				C663FBAC2C6B514A00FB1372 /* TeamModelFromEvents.swift */,
			);
			path = Model;
			sourceTree = "<group>";
		};
		C686BC512C6A64D1005FCD5B /* View */ = {
			isa = PBXGroup;
			children = (
				C686BC502C6A64D1005FCD5B /* AllSportsVC.swift */,
				C686BC5E2C6A6B75005FCD5B /* SportCell */,
			);
			path = View;
			sourceTree = "<group>";
		};
		C686BC532C6A64D1005FCD5B /* ViewModel */ = {
			isa = PBXGroup;
			children = (
				C686BC522C6A64D1005FCD5B /* AllSportsViewModel.swift */,
			);
			path = ViewModel;
			sourceTree = "<group>";
		};
		C686BC542C6A64D1005FCD5B /* AllSports */ = {
			isa = PBXGroup;
			children = (
				C686BC512C6A64D1005FCD5B /* View */,
				C686BC532C6A64D1005FCD5B /* ViewModel */,
			);
			path = AllSports;
			sourceTree = "<group>";
		};
		C686BC552C6A64D1005FCD5B /* Modules */ = {
			isa = PBXGroup;
			children = (
				C686BC542C6A64D1005FCD5B /* AllSports */,
				E2B4C2232C6A75C800F4ECC4 /* All Leagues */,
				C686BC612C6A7DAE005FCD5B /* LeagueDetails */,
			);
			path = Modules;
			sourceTree = "<group>";
		};
		C686BC5B2C6A64D8005FCD5B /* View */ = {
			isa = PBXGroup;
			children = (
				C686BC362C6A6489005FCD5B /* Main.storyboard */,
				C686BC3E2C6A648B005FCD5B /* LaunchScreen.storyboard */,
			);
			path = View;
			sourceTree = "<group>";
		};
		C686BC5E2C6A6B75005FCD5B /* SportCell */ = {
			isa = PBXGroup;
			children = (
				C686BC5C2C6A6B75005FCD5B /* SportCell.swift */,
				C686BC5D2C6A6B75005FCD5B /* SportCell.xib */,
			);
			path = SportCell;
			sourceTree = "<group>";
		};
		C686BC612C6A7DAE005FCD5B /* LeagueDetails */ = {
			isa = PBXGroup;
			children = (
				C686BC672C6A7DE0005FCD5B /* View */,
				C686BC682C6A7DE6005FCD5B /* ViewModel */,
			);
			path = LeagueDetails;
			sourceTree = "<group>";
		};
		C686BC642C6A7DD8005FCD5B /* EventCell */ = {
			isa = PBXGroup;
			children = (
				C686BC622C6A7DD8005FCD5B /* EventCell.swift */,
				C686BC632C6A7DD8005FCD5B /* EventCell.xib */,
			);
			path = EventCell;
			sourceTree = "<group>";
		};
		C686BC672C6A7DE0005FCD5B /* View */ = {
			isa = PBXGroup;
			children = (
				C686BC6B2C6A7E6B005FCD5B /* LeagueDetailsVC.swift */,
				C6D2E4A62C6AC31A006A4698 /* SectionHeader.swift */,
				C686BC642C6A7DD8005FCD5B /* EventCell */,
				C6D2E4A32C6AC018006A4698 /* TeamCell */,
			);
			path = View;
			sourceTree = "<group>";
		};
		C686BC682C6A7DE6005FCD5B /* ViewModel */ = {
			isa = PBXGroup;
			children = (
				C686BC692C6A7DF8005FCD5B /* LeagueDetailsViewModel.swift */,
			);
			path = ViewModel;
			sourceTree = "<group>";
		};
		C6D2E4A32C6AC018006A4698 /* TeamCell */ = {
			isa = PBXGroup;
			children = (
				C6D2E4A12C6AC018006A4698 /* TeamCell.swift */,
				C6D2E4A22C6AC018006A4698 /* TeamCell.xib */,
			);
			path = TeamCell;
			sourceTree = "<group>";
		};
		E2B4C2232C6A75C800F4ECC4 /* All Leagues */ = {
			isa = PBXGroup;
			children = (
				E2B4C2242C6A75D100F4ECC4 /* View */,
				E2B4C2252C6A75D600F4ECC4 /* ViewModel */,
			);
			path = "All Leagues";
			sourceTree = "<group>";
		};
		E2B4C2242C6A75D100F4ECC4 /* View */ = {
			isa = PBXGroup;
			children = (
				E2B4C2262C6A760600F4ECC4 /* AllLeaguesTVC.swift */,
				E2B4C22A2C6A767600F4ECC4 /* CustomLeagueCell */,
			);
			path = View;
			sourceTree = "<group>";
		};
		E2B4C2252C6A75D600F4ECC4 /* ViewModel */ = {
			isa = PBXGroup;
			children = (
				E2B4C2282C6A763B00F4ECC4 /* AllLeaguesViewModel.swift */,
			);
			path = ViewModel;
			sourceTree = "<group>";
		};
		E2B4C22A2C6A767600F4ECC4 /* CustomLeagueCell */ = {
			isa = PBXGroup;
			children = (
				E2B4C2302C6A771500F4ECC4 /* LeagueCell.swift */,
				E2B4C22F2C6A771500F4ECC4 /* LeagueCell.xib */,
			);
			path = CustomLeagueCell;
			sourceTree = "<group>";
		};
/* End PBXGroup section */

/* Begin PBXNativeTarget section */
		C686BC2C2C6A6489005FCD5B /* SportsApp */ = {
			isa = PBXNativeTarget;
			buildConfigurationList = C686BC442C6A648B005FCD5B /* Build configuration list for PBXNativeTarget "SportsApp" */;
			buildPhases = (
				36EDA93B44C423B74971D40B /* [CP] Check Pods Manifest.lock */,
				C686BC292C6A6489005FCD5B /* Sources */,
				C686BC2A2C6A6489005FCD5B /* Frameworks */,
				C686BC2B2C6A6489005FCD5B /* Resources */,
				26BA667DDE40E4DB6B2635AF /* [CP] Embed Pods Frameworks */,
			);
			buildRules = (
			);
			dependencies = (
			);
			name = SportsApp;
			productName = SportsApp;
			productReference = C686BC2D2C6A6489005FCD5B /* SportsApp.app */;
			productType = "com.apple.product-type.application";
		};
/* End PBXNativeTarget section */

/* Begin PBXProject section */
		C686BC252C6A6489005FCD5B /* Project object */ = {
			isa = PBXProject;
			attributes = {
				BuildIndependentTargetsInParallel = 1;
				LastSwiftUpdateCheck = 1540;
				LastUpgradeCheck = 1540;
				TargetAttributes = {
					C686BC2C2C6A6489005FCD5B = {
						CreatedOnToolsVersion = 15.4;
					};
				};
			};
			buildConfigurationList = C686BC282C6A6489005FCD5B /* Build configuration list for PBXProject "SportsApp" */;
			compatibilityVersion = "Xcode 14.0";
			developmentRegion = en;
			hasScannedForEncodings = 0;
			knownRegions = (
				en,
				Base,
			);
			mainGroup = C686BC242C6A6489005FCD5B;
			productRefGroup = C686BC2E2C6A6489005FCD5B /* Products */;
			projectDirPath = "";
			projectRoot = "";
			targets = (
				C686BC2C2C6A6489005FCD5B /* SportsApp */,
			);
		};
/* End PBXProject section */

/* Begin PBXResourcesBuildPhase section */
		C686BC2B2C6A6489005FCD5B /* Resources */ = {
			isa = PBXResourcesBuildPhase;
			buildActionMask = 2147483647;
			files = (
				C686BC3D2C6A648B005FCD5B /* Assets.xcassets in Resources */,
				C686BC402C6A648B005FCD5B /* Base in Resources */,
				C6D2E4A52C6AC018006A4698 /* TeamCell.xib in Resources */,
				C686BC602C6A6B75005FCD5B /* SportCell.xib in Resources */,
				C686BC382C6A6489005FCD5B /* Base in Resources */,
				C686BC662C6A7DD8005FCD5B /* EventCell.xib in Resources */,
				E2B4C2312C6A771600F4ECC4 /* LeagueCell.xib in Resources */,
			);
			runOnlyForDeploymentPostprocessing = 0;
		};
/* End PBXResourcesBuildPhase section */

/* Begin PBXShellScriptBuildPhase section */
		26BA667DDE40E4DB6B2635AF /* [CP] Embed Pods Frameworks */ = {
			isa = PBXShellScriptBuildPhase;
			buildActionMask = 2147483647;
			files = (
			);
			inputFileListPaths = (
				"${PODS_ROOT}/Target Support Files/Pods-SportsApp/Pods-SportsApp-frameworks-${CONFIGURATION}-input-files.xcfilelist",
			);
			name = "[CP] Embed Pods Frameworks";
			outputFileListPaths = (
				"${PODS_ROOT}/Target Support Files/Pods-SportsApp/Pods-SportsApp-frameworks-${CONFIGURATION}-output-files.xcfilelist",
			);
			runOnlyForDeploymentPostprocessing = 0;
			shellPath = /bin/sh;
			shellScript = "\"${PODS_ROOT}/Target Support Files/Pods-SportsApp/Pods-SportsApp-frameworks.sh\"\n";
			showEnvVarsInLog = 0;
		};
		36EDA93B44C423B74971D40B /* [CP] Check Pods Manifest.lock */ = {
			isa = PBXShellScriptBuildPhase;
			buildActionMask = 2147483647;
			files = (
			);
			inputFileListPaths = (
			);
			inputPaths = (
				"${PODS_PODFILE_DIR_PATH}/Podfile.lock",
				"${PODS_ROOT}/Manifest.lock",
			);
			name = "[CP] Check Pods Manifest.lock";
			outputFileListPaths = (
			);
			outputPaths = (
				"$(DERIVED_FILE_DIR)/Pods-SportsApp-checkManifestLockResult.txt",
			);
			runOnlyForDeploymentPostprocessing = 0;
			shellPath = /bin/sh;
			shellScript = "diff \"${PODS_PODFILE_DIR_PATH}/Podfile.lock\" \"${PODS_ROOT}/Manifest.lock\" > /dev/null\nif [ $? != 0 ] ; then\n    # print error to STDERR\n    echo \"error: The sandbox is not in sync with the Podfile.lock. Run 'pod install' or update your CocoaPods installation.\" >&2\n    exit 1\nfi\n# This output is used by Xcode 'outputs' to avoid re-running this script phase.\necho \"SUCCESS\" > \"${SCRIPT_OUTPUT_FILE_0}\"\n";
			showEnvVarsInLog = 0;
		};
/* End PBXShellScriptBuildPhase section */

/* Begin PBXSourcesBuildPhase section */
		C686BC292C6A6489005FCD5B /* Sources */ = {
			isa = PBXSourcesBuildPhase;
			buildActionMask = 2147483647;
			files = (
				C6D2E4A42C6AC018006A4698 /* TeamCell.swift in Sources */,
				C663FBAB2C6B47FD00FB1372 /* API.swift in Sources */,
				C686BC6C2C6A7E6B005FCD5B /* LeagueDetailsVC.swift in Sources */,
				C686BC582C6A64D1005FCD5B /* LeagueModel.swift in Sources */,
				C686BC562C6A64D1005FCD5B /* CoreDataService.swift in Sources */,
				C686BC6A2C6A7DF8005FCD5B /* LeagueDetailsViewModel.swift in Sources */,
				C663FBAD2C6B514A00FB1372 /* TeamModelFromEvents.swift in Sources */,
				E2B4C2272C6A760600F4ECC4 /* AllLeaguesTVC.swift in Sources */,
				C686BC312C6A6489005FCD5B /* AppDelegate.swift in Sources */,
				E2B4C2292C6A763B00F4ECC4 /* AllLeaguesViewModel.swift in Sources */,
				C686BC5A2C6A64D1005FCD5B /* AllSportsViewModel.swift in Sources */,
				C6A4B5DC2C6F8C2A0058829B /* TeamModel.swift in Sources */,
				C686BC3B2C6A6489005FCD5B /* SportsApp.xcdatamodeld in Sources */,
				C663FBA92C6B475E00FB1372 /* EventModel.swift in Sources */,
				C686BC652C6A7DD8005FCD5B /* EventCell.swift in Sources */,
				C686BC592C6A64D1005FCD5B /* AllSportsVC.swift in Sources */,
				C6D2E4A72C6AC31A006A4698 /* SectionHeader.swift in Sources */,
				C686BC332C6A6489005FCD5B /* SceneDelegate.swift in Sources */,
				C686BC5F2C6A6B75005FCD5B /* SportCell.swift in Sources */,
				E2B4C2322C6A771600F4ECC4 /* LeagueCell.swift in Sources */,
				C686BC572C6A64D1005FCD5B /* NWService.swift in Sources */,
			);
			runOnlyForDeploymentPostprocessing = 0;
		};
/* End PBXSourcesBuildPhase section */

/* Begin PBXVariantGroup section */
		C686BC362C6A6489005FCD5B /* Main.storyboard */ = {
			isa = PBXVariantGroup;
			children = (
				C686BC372C6A6489005FCD5B /* Base */,
			);
			name = Main.storyboard;
			sourceTree = "<group>";
		};
		C686BC3E2C6A648B005FCD5B /* LaunchScreen.storyboard */ = {
			isa = PBXVariantGroup;
			children = (
				C686BC3F2C6A648B005FCD5B /* Base */,
			);
			name = LaunchScreen.storyboard;
			sourceTree = "<group>";
		};
/* End PBXVariantGroup section */

/* Begin XCBuildConfiguration section */
		C686BC422C6A648B005FCD5B /* Debug */ = {
			isa = XCBuildConfiguration;
			buildSettings = {
				ALWAYS_SEARCH_USER_PATHS = NO;
				ASSETCATALOG_COMPILER_GENERATE_SWIFT_ASSET_SYMBOL_EXTENSIONS = YES;
				CLANG_ANALYZER_NONNULL = YES;
				CLANG_ANALYZER_NUMBER_OBJECT_CONVERSION = YES_AGGRESSIVE;
				CLANG_CXX_LANGUAGE_STANDARD = "gnu++20";
				CLANG_ENABLE_MODULES = YES;
				CLANG_ENABLE_OBJC_ARC = YES;
				CLANG_ENABLE_OBJC_WEAK = YES;
				CLANG_WARN_BLOCK_CAPTURE_AUTORELEASING = YES;
				CLANG_WARN_BOOL_CONVERSION = YES;
				CLANG_WARN_COMMA = YES;
				CLANG_WARN_CONSTANT_CONVERSION = YES;
				CLANG_WARN_DEPRECATED_OBJC_IMPLEMENTATIONS = YES;
				CLANG_WARN_DIRECT_OBJC_ISA_USAGE = YES_ERROR;
				CLANG_WARN_DOCUMENTATION_COMMENTS = YES;
				CLANG_WARN_EMPTY_BODY = YES;
				CLANG_WARN_ENUM_CONVERSION = YES;
				CLANG_WARN_INFINITE_RECURSION = YES;
				CLANG_WARN_INT_CONVERSION = YES;
				CLANG_WARN_NON_LITERAL_NULL_CONVERSION = YES;
				CLANG_WARN_OBJC_IMPLICIT_RETAIN_SELF = YES;
				CLANG_WARN_OBJC_LITERAL_CONVERSION = YES;
				CLANG_WARN_OBJC_ROOT_CLASS = YES_ERROR;
				CLANG_WARN_QUOTED_INCLUDE_IN_FRAMEWORK_HEADER = YES;
				CLANG_WARN_RANGE_LOOP_ANALYSIS = YES;
				CLANG_WARN_STRICT_PROTOTYPES = YES;
				CLANG_WARN_SUSPICIOUS_MOVE = YES;
				CLANG_WARN_UNGUARDED_AVAILABILITY = YES_AGGRESSIVE;
				CLANG_WARN_UNREACHABLE_CODE = YES;
				CLANG_WARN__DUPLICATE_METHOD_MATCH = YES;
				COPY_PHASE_STRIP = NO;
				DEBUG_INFORMATION_FORMAT = dwarf;
				ENABLE_STRICT_OBJC_MSGSEND = YES;
				ENABLE_TESTABILITY = YES;
				ENABLE_USER_SCRIPT_SANDBOXING = NO;
				GCC_C_LANGUAGE_STANDARD = gnu17;
				GCC_DYNAMIC_NO_PIC = NO;
				GCC_NO_COMMON_BLOCKS = YES;
				GCC_OPTIMIZATION_LEVEL = 0;
				GCC_PREPROCESSOR_DEFINITIONS = (
					"DEBUG=1",
					"$(inherited)",
				);
				GCC_WARN_64_TO_32_BIT_CONVERSION = YES;
				GCC_WARN_ABOUT_RETURN_TYPE = YES_ERROR;
				GCC_WARN_UNDECLARED_SELECTOR = YES;
				GCC_WARN_UNINITIALIZED_AUTOS = YES_AGGRESSIVE;
				GCC_WARN_UNUSED_FUNCTION = YES;
				GCC_WARN_UNUSED_VARIABLE = YES;
				IPHONEOS_DEPLOYMENT_TARGET = 15.0;
				LOCALIZATION_PREFERS_STRING_CATALOGS = YES;
				MTL_ENABLE_DEBUG_INFO = INCLUDE_SOURCE;
				MTL_FAST_MATH = YES;
				ONLY_ACTIVE_ARCH = YES;
				SDKROOT = iphoneos;
				SWIFT_ACTIVE_COMPILATION_CONDITIONS = "DEBUG $(inherited)";
				SWIFT_OPTIMIZATION_LEVEL = "-Onone";
			};
			name = Debug;
		};
		C686BC432C6A648B005FCD5B /* Release */ = {
			isa = XCBuildConfiguration;
			buildSettings = {
				ALWAYS_SEARCH_USER_PATHS = NO;
				ASSETCATALOG_COMPILER_GENERATE_SWIFT_ASSET_SYMBOL_EXTENSIONS = YES;
				CLANG_ANALYZER_NONNULL = YES;
				CLANG_ANALYZER_NUMBER_OBJECT_CONVERSION = YES_AGGRESSIVE;
				CLANG_CXX_LANGUAGE_STANDARD = "gnu++20";
				CLANG_ENABLE_MODULES = YES;
				CLANG_ENABLE_OBJC_ARC = YES;
				CLANG_ENABLE_OBJC_WEAK = YES;
				CLANG_WARN_BLOCK_CAPTURE_AUTORELEASING = YES;
				CLANG_WARN_BOOL_CONVERSION = YES;
				CLANG_WARN_COMMA = YES;
				CLANG_WARN_CONSTANT_CONVERSION = YES;
				CLANG_WARN_DEPRECATED_OBJC_IMPLEMENTATIONS = YES;
				CLANG_WARN_DIRECT_OBJC_ISA_USAGE = YES_ERROR;
				CLANG_WARN_DOCUMENTATION_COMMENTS = YES;
				CLANG_WARN_EMPTY_BODY = YES;
				CLANG_WARN_ENUM_CONVERSION = YES;
				CLANG_WARN_INFINITE_RECURSION = YES;
				CLANG_WARN_INT_CONVERSION = YES;
				CLANG_WARN_NON_LITERAL_NULL_CONVERSION = YES;
				CLANG_WARN_OBJC_IMPLICIT_RETAIN_SELF = YES;
				CLANG_WARN_OBJC_LITERAL_CONVERSION = YES;
				CLANG_WARN_OBJC_ROOT_CLASS = YES_ERROR;
				CLANG_WARN_QUOTED_INCLUDE_IN_FRAMEWORK_HEADER = YES;
				CLANG_WARN_RANGE_LOOP_ANALYSIS = YES;
				CLANG_WARN_STRICT_PROTOTYPES = YES;
				CLANG_WARN_SUSPICIOUS_MOVE = YES;
				CLANG_WARN_UNGUARDED_AVAILABILITY = YES_AGGRESSIVE;
				CLANG_WARN_UNREACHABLE_CODE = YES;
				CLANG_WARN__DUPLICATE_METHOD_MATCH = YES;
				COPY_PHASE_STRIP = NO;
				DEBUG_INFORMATION_FORMAT = "dwarf-with-dsym";
				ENABLE_NS_ASSERTIONS = NO;
				ENABLE_STRICT_OBJC_MSGSEND = YES;
				ENABLE_USER_SCRIPT_SANDBOXING = NO;
				GCC_C_LANGUAGE_STANDARD = gnu17;
				GCC_NO_COMMON_BLOCKS = YES;
				GCC_WARN_64_TO_32_BIT_CONVERSION = YES;
				GCC_WARN_ABOUT_RETURN_TYPE = YES_ERROR;
				GCC_WARN_UNDECLARED_SELECTOR = YES;
				GCC_WARN_UNINITIALIZED_AUTOS = YES_AGGRESSIVE;
				GCC_WARN_UNUSED_FUNCTION = YES;
				GCC_WARN_UNUSED_VARIABLE = YES;
				IPHONEOS_DEPLOYMENT_TARGET = 15.0;
				LOCALIZATION_PREFERS_STRING_CATALOGS = YES;
				MTL_ENABLE_DEBUG_INFO = NO;
				MTL_FAST_MATH = YES;
				SDKROOT = iphoneos;
				SWIFT_COMPILATION_MODE = wholemodule;
				VALIDATE_PRODUCT = YES;
			};
			name = Release;
		};
		C686BC452C6A648B005FCD5B /* Debug */ = {
			isa = XCBuildConfiguration;
			baseConfigurationReference = 517D82B83B93BA60FFD45973 /* Pods-SportsApp.debug.xcconfig */;
			buildSettings = {
				ASSETCATALOG_COMPILER_APPICON_NAME = AppIcon;
				ASSETCATALOG_COMPILER_GLOBAL_ACCENT_COLOR_NAME = AccentColor;
				CODE_SIGN_STYLE = Automatic;
				CURRENT_PROJECT_VERSION = 1;
				GENERATE_INFOPLIST_FILE = YES;
				INFOPLIST_FILE = SportsApp/Info.plist;
				INFOPLIST_KEY_UIApplicationSupportsIndirectInputEvents = YES;
				INFOPLIST_KEY_UILaunchStoryboardName = LaunchScreen;
				INFOPLIST_KEY_UIMainStoryboardFile = Main;
				INFOPLIST_KEY_UISupportedInterfaceOrientations_iPad = "UIInterfaceOrientationPortrait UIInterfaceOrientationPortraitUpsideDown UIInterfaceOrientationLandscapeLeft UIInterfaceOrientationLandscapeRight";
				INFOPLIST_KEY_UISupportedInterfaceOrientations_iPhone = "UIInterfaceOrientationPortrait UIInterfaceOrientationLandscapeLeft UIInterfaceOrientationLandscapeRight";
				IPHONEOS_DEPLOYMENT_TARGET = 14.0;
				LD_RUNPATH_SEARCH_PATHS = (
					"$(inherited)",
					"@executable_path/Frameworks",
				);
				MARKETING_VERSION = 1.0;
				PRODUCT_BUNDLE_IDENTIFIER = com.m7aymn.SportsApp;
				PRODUCT_NAME = "$(TARGET_NAME)";
				SWIFT_EMIT_LOC_STRINGS = YES;
				SWIFT_VERSION = 5.0;
				TARGETED_DEVICE_FAMILY = "1,2";
			};
			name = Debug;
		};
		C686BC462C6A648B005FCD5B /* Release */ = {
			isa = XCBuildConfiguration;
			baseConfigurationReference = 966A3647C64E81F4DA78C469 /* Pods-SportsApp.release.xcconfig */;
			buildSettings = {
				ASSETCATALOG_COMPILER_APPICON_NAME = AppIcon;
				ASSETCATALOG_COMPILER_GLOBAL_ACCENT_COLOR_NAME = AccentColor;
				CODE_SIGN_STYLE = Automatic;
				CURRENT_PROJECT_VERSION = 1;
				GENERATE_INFOPLIST_FILE = YES;
				INFOPLIST_FILE = SportsApp/Info.plist;
				INFOPLIST_KEY_UIApplicationSupportsIndirectInputEvents = YES;
				INFOPLIST_KEY_UILaunchStoryboardName = LaunchScreen;
				INFOPLIST_KEY_UIMainStoryboardFile = Main;
				INFOPLIST_KEY_UISupportedInterfaceOrientations_iPad = "UIInterfaceOrientationPortrait UIInterfaceOrientationPortraitUpsideDown UIInterfaceOrientationLandscapeLeft UIInterfaceOrientationLandscapeRight";
				INFOPLIST_KEY_UISupportedInterfaceOrientations_iPhone = "UIInterfaceOrientationPortrait UIInterfaceOrientationLandscapeLeft UIInterfaceOrientationLandscapeRight";
				IPHONEOS_DEPLOYMENT_TARGET = 14.0;
				LD_RUNPATH_SEARCH_PATHS = (
					"$(inherited)",
					"@executable_path/Frameworks",
				);
				MARKETING_VERSION = 1.0;
				PRODUCT_BUNDLE_IDENTIFIER = com.m7aymn.SportsApp;
				PRODUCT_NAME = "$(TARGET_NAME)";
				SWIFT_EMIT_LOC_STRINGS = YES;
				SWIFT_VERSION = 5.0;
				TARGETED_DEVICE_FAMILY = "1,2";
			};
			name = Release;
		};
/* End XCBuildConfiguration section */

/* Begin XCConfigurationList section */
		C686BC282C6A6489005FCD5B /* Build configuration list for PBXProject "SportsApp" */ = {
			isa = XCConfigurationList;
			buildConfigurations = (
				C686BC422C6A648B005FCD5B /* Debug */,
				C686BC432C6A648B005FCD5B /* Release */,
			);
			defaultConfigurationIsVisible = 0;
			defaultConfigurationName = Release;
		};
		C686BC442C6A648B005FCD5B /* Build configuration list for PBXNativeTarget "SportsApp" */ = {
			isa = XCConfigurationList;
			buildConfigurations = (
				C686BC452C6A648B005FCD5B /* Debug */,
				C686BC462C6A648B005FCD5B /* Release */,
			);
			defaultConfigurationIsVisible = 0;
			defaultConfigurationName = Release;
		};
/* End XCConfigurationList section */

/* Begin XCVersionGroup section */
		C686BC392C6A6489005FCD5B /* SportsApp.xcdatamodeld */ = {
			isa = XCVersionGroup;
			children = (
				C686BC3A2C6A6489005FCD5B /* SportsApp.xcdatamodel */,
			);
			currentVersion = C686BC3A2C6A6489005FCD5B /* SportsApp.xcdatamodel */;
			path = SportsApp.xcdatamodeld;
			sourceTree = "<group>";
			versionGroupType = wrapper.xcdatamodel;
		};
/* End XCVersionGroup section */
	};
	rootObject = C686BC252C6A6489005FCD5B /* Project object */;
}
